{
  "requires": true,
  "lockfileVersion": 1,
  "dependencies": {
    "@ionic/angular": {
      "version": "5.5.4",
      "resolved": "https://registry.npmjs.org/@ionic/angular/-/angular-5.5.4.tgz",
      "integrity": "sha512-Iavv1rvOXNgVpYjy/HVKiPMO0SRx4a8Dwpn9/HHVsxrIbBX+Jr1Fo0UvCTyXOeWBCd6rkKTW1ro5zcWonuv8nw==",
      "requires": {
        "@ionic/core": "5.5.4",
        "tslib": "^1.9.3"
      }
    },
    "@ionic/core": {
      "version": "5.5.4",
      "resolved": "https://registry.npmjs.org/@ionic/core/-/core-5.5.4.tgz",
      "integrity": "sha512-IjbGN8vh3XuJ2ulo3BMlMflcWlUhvEGEexr29JKFvb+O4bWKP5sC2fkqSrswrIstOmv7axm7CeIi2MNRkwYwVA==",
      "requires": {
        "ionicons": "^5.1.2",
        "tslib": "^1.10.0"
      }
    },
    "@stencil/core": {
      "version": "2.4.0",
      "resolved": "https://registry.npmjs.org/@stencil/core/-/core-2.4.0.tgz",
      "integrity": "sha512-gU6+Yyd6O0KrCSS/O6j8KKqmRo+/Dcs2fI0+APCpbAWK+nqhwDISpdnSEfGDCLMoAC08XOZCycBRk2K1VGnEcg=="
    },
    "ionicons": {
      "version": "5.5.0",
      "resolved": "https://registry.npmjs.org/ionicons/-/ionicons-5.5.0.tgz",
      "integrity": "sha512-0DUHTeoIrGSY+KNyNDaQW7v5+mDstjSkjx8dzT925kXKYBDrN3sGs8kUcSSQbTK132U4CbgDEZkn7FDUa9x8Qw==",
      "requires": {
        "@stencil/core": "^2.4.0"
      }
    },
    "tslib": {
      "version": "1.14.1",
      "resolved": "https://registry.npmjs.org/tslib/-/tslib-1.14.1.tgz",
      "integrity": "sha512-Xni35NKzjgMrwevysHTCArtLDpPvye8zV/0E4EyYn43P7/7qvQwPh9BGkHewbMulVntbigmcT7rdX3BNo9wRJg=="
    }
  }
}
